
Microsoft Visual Studio Solution File, Format Version 12.00
# Visual Studio Version 17
VisualStudioVersion = 17.0.32014.148
MinimumVisualStudioVersion = 10.0.40219.1
Project("{FAE04EC0-301F-11D3-BF4B-00C04F79EFBC}") = "WMIEnum", "WMIEnum.csproj", "{90D2872A-A0B7-4EC3-B66B-251C6212DF6F}"
EndProject
Global
	GlobalSection(SolutionConfigurationPlatforms) = preSolution
		Debug|Any CPU = Debug|Any CPU
		Release|Any CPU = Release|Any CPU
	EndGlobalSection
	GlobalSection(ProjectConfigurationPlatforms) = postSolution
		{90D2872A-A0B7-4EC3-B66B-251C6212DF6F}.Debug|Any CPU.ActiveCfg = Debug|Any CPU
		{90D2872A-A0B7-4EC3-B66B-251C6212DF6F}.Debug|Any CPU.Build.0 = Debug|Any CPU
		{90D2872A-A0B7-4EC3-B66B-251C6212DF6F}.Release|Any CPU.ActiveCfg = Release|Any CPU
		{90D2872A-A0B7-4EC3-B66B-251C6212DF6F}.Release|Any CPU.Build.0 = Release|Any CPU
	EndGlobalSection
	GlobalSection(SolutionProperties) = preSolution
		HideSolutionNode = FALSE
	EndGlobalSection
	GlobalSection(ExtensibilityGlobals) = postSolution
		SolutionGuid = {C24CB6E1-73B1-42D7-A503-2785E5C7F696}
	EndGlobalSection
EndGlobal
